
Microsoft Visual Studio Solution File, Format Version 12.00
# Visual Studio 15
VisualStudioVersion = 15.0.28307.572
MinimumVisualStudioVersion = 10.0.40219.1
Project("{FAE04EC0-301F-11D3-BF4B-00C04F79EFBC}") = "Peanut.ConfigurationCenter", "Peanut.ConfigurationCenter\Peanut.ConfigurationCenter.csproj", "{66EAD387-7E93-4088-9EA6-F3343E6A8FF0}"
EndProject
Project("{FAE04EC0-301F-11D3-BF4B-00C04F79EFBC}") = "Peanut.Core", "Peanut.Core\Peanut.Core.csproj", "{73FA84C9-2478-43BD-86AE-B823592CB87F}"
EndProject
Project("{FAE04EC0-301F-11D3-BF4B-00C04F79EFBC}") = "Peanut.Common", "Peanut.Common\Peanut.Common.csproj", "{3B426D56-39C6-47FC-9B09-2315E871F2FC}"
EndProject
Project("{FAE04EC0-301F-11D3-BF4B-00C04F79EFBC}") = "Peanut.Entity", "Peanut.Entity\Peanut.Entity.csproj", "{F92DE990-6BB4-4F8E-A833-A7A3A0163E9A}"
EndProject
Project("{FAE04EC0-301F-11D3-BF4B-00C04F79EFBC}") = "Peanut.DAL", "Peanut.DAL\Peanut.DAL.csproj", "{C652CCFF-F140-4C3A-A9A2-46A72EDD3BF8}"
EndProject
Project("{FAE04EC0-301F-11D3-BF4B-00C04F79EFBC}") = "Peanut.BLL", "Peanut.BLL\Peanut.BLL.csproj", "{CEA63470-7C09-460C-9599-0490F4E5364E}"
EndProject
Global
	GlobalSection(SolutionConfigurationPlatforms) = preSolution
		Debug|Any CPU = Debug|Any CPU
		Release|Any CPU = Release|Any CPU
	EndGlobalSection
	GlobalSection(ProjectConfigurationPlatforms) = postSolution
		{66EAD387-7E93-4088-9EA6-F3343E6A8FF0}.Debug|Any CPU.ActiveCfg = Debug|Any CPU
		{66EAD387-7E93-4088-9EA6-F3343E6A8FF0}.Debug|Any CPU.Build.0 = Debug|Any CPU
		{66EAD387-7E93-4088-9EA6-F3343E6A8FF0}.Release|Any CPU.ActiveCfg = Release|Any CPU
		{66EAD387-7E93-4088-9EA6-F3343E6A8FF0}.Release|Any CPU.Build.0 = Release|Any CPU
		{73FA84C9-2478-43BD-86AE-B823592CB87F}.Debug|Any CPU.ActiveCfg = Debug|Any CPU
		{73FA84C9-2478-43BD-86AE-B823592CB87F}.Debug|Any CPU.Build.0 = Debug|Any CPU
		{73FA84C9-2478-43BD-86AE-B823592CB87F}.Release|Any CPU.ActiveCfg = Release|Any CPU
		{73FA84C9-2478-43BD-86AE-B823592CB87F}.Release|Any CPU.Build.0 = Release|Any CPU
		{3B426D56-39C6-47FC-9B09-2315E871F2FC}.Debug|Any CPU.ActiveCfg = Debug|Any CPU
		{3B426D56-39C6-47FC-9B09-2315E871F2FC}.Debug|Any CPU.Build.0 = Debug|Any CPU
		{3B426D56-39C6-47FC-9B09-2315E871F2FC}.Release|Any CPU.ActiveCfg = Release|Any CPU
		{3B426D56-39C6-47FC-9B09-2315E871F2FC}.Release|Any CPU.Build.0 = Release|Any CPU
		{F92DE990-6BB4-4F8E-A833-A7A3A0163E9A}.Debug|Any CPU.ActiveCfg = Debug|Any CPU
		{F92DE990-6BB4-4F8E-A833-A7A3A0163E9A}.Debug|Any CPU.Build.0 = Debug|Any CPU
		{F92DE990-6BB4-4F8E-A833-A7A3A0163E9A}.Release|Any CPU.ActiveCfg = Release|Any CPU
		{F92DE990-6BB4-4F8E-A833-A7A3A0163E9A}.Release|Any CPU.Build.0 = Release|Any CPU
		{C652CCFF-F140-4C3A-A9A2-46A72EDD3BF8}.Debug|Any CPU.ActiveCfg = Debug|Any CPU
		{C652CCFF-F140-4C3A-A9A2-46A72EDD3BF8}.Debug|Any CPU.Build.0 = Debug|Any CPU
		{C652CCFF-F140-4C3A-A9A2-46A72EDD3BF8}.Release|Any CPU.ActiveCfg = Release|Any CPU
		{C652CCFF-F140-4C3A-A9A2-46A72EDD3BF8}.Release|Any CPU.Build.0 = Release|Any CPU
		{CEA63470-7C09-460C-9599-0490F4E5364E}.Debug|Any CPU.ActiveCfg = Debug|Any CPU
		{CEA63470-7C09-460C-9599-0490F4E5364E}.Debug|Any CPU.Build.0 = Debug|Any CPU
		{CEA63470-7C09-460C-9599-0490F4E5364E}.Release|Any CPU.ActiveCfg = Release|Any CPU
		{CEA63470-7C09-460C-9599-0490F4E5364E}.Release|Any CPU.Build.0 = Release|Any CPU
	EndGlobalSection
	GlobalSection(SolutionProperties) = preSolution
		HideSolutionNode = FALSE
	EndGlobalSection
	GlobalSection(ExtensibilityGlobals) = postSolution
		SolutionGuid = {614180F2-D60B-4562-917C-88D0850B544D}
	EndGlobalSection
EndGlobal
